
Microsoft Visual Studio Solution File, Format Version 12.00
# Visual Studio Version 16
VisualStudioVersion = 16.0.34301.259
MinimumVisualStudioVersion = 10.0.40219.1
Project("{FAE04EC0-301F-11D3-BF4B-00C04F79EFBC}") = "EXE_09_Rendimento_Poupança", "EXE_09_Rendimento_Poupança\EXE_09_Rendimento_Poupança.csproj", "{7E5C8A48-52C1-4910-AA1B-7D3A9A21EADC}"
EndProject
Global
	GlobalSection(SolutionConfigurationPlatforms) = preSolution
		Debug|Any CPU = Debug|Any CPU
		Release|Any CPU = Release|Any CPU
	EndGlobalSection
	GlobalSection(ProjectConfigurationPlatforms) = postSolution
		{7E5C8A48-52C1-4910-AA1B-7D3A9A21EADC}.Debug|Any CPU.ActiveCfg = Debug|Any CPU
		{7E5C8A48-52C1-4910-AA1B-7D3A9A21EADC}.Debug|Any CPU.Build.0 = Debug|Any CPU
		{7E5C8A48-52C1-4910-AA1B-7D3A9A21EADC}.Release|Any CPU.ActiveCfg = Release|Any CPU
		{7E5C8A48-52C1-4910-AA1B-7D3A9A21EADC}.Release|Any CPU.Build.0 = Release|Any CPU
	EndGlobalSection
	GlobalSection(SolutionProperties) = preSolution
		HideSolutionNode = FALSE
	EndGlobalSection
	GlobalSection(ExtensibilityGlobals) = postSolution
		SolutionGuid = {F3C4DA72-35B6-4585-A6F9-4293C62F15BD}
	EndGlobalSection
EndGlobal
