
Microsoft Visual Studio Solution File, Format Version 12.00
# Visual Studio Version 16
VisualStudioVersion = 16.0.34301.259
MinimumVisualStudioVersion = 10.0.40219.1
Project("{FAE04EC0-301F-11D3-BF4B-00C04F79EFBC}") = "EXE_08_Conversão_dolar_a_real", "EXE_08_Conversão_dolar_a_real\EXE_08_Conversão_dolar_a_real.csproj", "{F60EAAB1-8272-4E88-AA23-B92185F63DD1}"
EndProject
Global
	GlobalSection(SolutionConfigurationPlatforms) = preSolution
		Debug|Any CPU = Debug|Any CPU
		Release|Any CPU = Release|Any CPU
	EndGlobalSection
	GlobalSection(ProjectConfigurationPlatforms) = postSolution
		{F60EAAB1-8272-4E88-AA23-B92185F63DD1}.Debug|Any CPU.ActiveCfg = Debug|Any CPU
		{F60EAAB1-8272-4E88-AA23-B92185F63DD1}.Debug|Any CPU.Build.0 = Debug|Any CPU
		{F60EAAB1-8272-4E88-AA23-B92185F63DD1}.Release|Any CPU.ActiveCfg = Release|Any CPU
		{F60EAAB1-8272-4E88-AA23-B92185F63DD1}.Release|Any CPU.Build.0 = Release|Any CPU
	EndGlobalSection
	GlobalSection(SolutionProperties) = preSolution
		HideSolutionNode = FALSE
	EndGlobalSection
	GlobalSection(ExtensibilityGlobals) = postSolution
		SolutionGuid = {3E04555C-3FF9-4A72-8153-E03A73BA66AD}
	EndGlobalSection
EndGlobal
